
Microsoft Visual Studio Solution File, Format Version 12.00
# Visual Studio Version 16
VisualStudioVersion = 16.0.30804.86
MinimumVisualStudioVersion = 10.0.40219.1
Project("{FAE04EC0-301F-11D3-BF4B-00C04F79EFBC}") = "WpfApp1", "WpfApp1\WpfApp1.csproj", "{D68FFD33-1BDE-4E48-B93F-768FD44E0EFF}"
EndProject
Global
	GlobalSection(SolutionConfigurationPlatforms) = preSolution
		Debug|Any CPU = Debug|Any CPU
		Release|Any CPU = Release|Any CPU
	EndGlobalSection
	GlobalSection(ProjectConfigurationPlatforms) = postSolution
		{D68FFD33-1BDE-4E48-B93F-768FD44E0EFF}.Debug|Any CPU.ActiveCfg = Debug|Any CPU
		{D68FFD33-1BDE-4E48-B93F-768FD44E0EFF}.Debug|Any CPU.Build.0 = Debug|Any CPU
		{D68FFD33-1BDE-4E48-B93F-768FD44E0EFF}.Release|Any CPU.ActiveCfg = Release|Any CPU
		{D68FFD33-1BDE-4E48-B93F-768FD44E0EFF}.Release|Any CPU.Build.0 = Release|Any CPU
	EndGlobalSection
	GlobalSection(SolutionProperties) = preSolution
		HideSolutionNode = FALSE
	EndGlobalSection
	GlobalSection(ExtensibilityGlobals) = postSolution
		SolutionGuid = {5AA12A71-5BF1-415E-AA64-E56479E59067}
	EndGlobalSection
EndGlobal
